
Microsoft Visual Studio Solution File, Format Version 12.00
Project("{FAE04EC0-301F-11D3-BF4B-00C04F79EFBC}") = "Boilerplate", "Boilerplate\Boilerplate.csproj", "{3BF7CD80-29DD-4DCD-93BA-B1F76C6DC94A}"
EndProject
Global
	GlobalSection(SolutionConfigurationPlatforms) = preSolution
		Debug|Any CPU = Debug|Any CPU
		Release|Any CPU = Release|Any CPU
	EndGlobalSection
	GlobalSection(ProjectConfigurationPlatforms) = postSolution
		{3BF7CD80-29DD-4DCD-93BA-B1F76C6DC94A}.Debug|Any CPU.ActiveCfg = Debug|Any CPU
		{3BF7CD80-29DD-4DCD-93BA-B1F76C6DC94A}.Debug|Any CPU.Build.0 = Debug|Any CPU
		{3BF7CD80-29DD-4DCD-93BA-B1F76C6DC94A}.Release|Any CPU.ActiveCfg = Release|Any CPU
		{3BF7CD80-29DD-4DCD-93BA-B1F76C6DC94A}.Release|Any CPU.Build.0 = Release|Any CPU
	EndGlobalSection
EndGlobal
